
Microsoft Visual Studio Solution File, Format Version 12.00
# Visual Studio Version 16
VisualStudioVersion = 16.0.31112.23
MinimumVisualStudioVersion = 10.0.40219.1
Project("{FAE04EC0-301F-11D3-BF4B-00C04F79EFBC}") = "verstka", "verstka.csproj", "{2049E991-8661-4C75-94FD-E752CBCFA95B}"
EndProject
Global
	GlobalSection(SolutionConfigurationPlatforms) = preSolution
		Debug|Any CPU = Debug|Any CPU
		Release|Any CPU = Release|Any CPU
	EndGlobalSection
	GlobalSection(ProjectConfigurationPlatforms) = postSolution
		{2049E991-8661-4C75-94FD-E752CBCFA95B}.Debug|Any CPU.ActiveCfg = Debug|Any CPU
		{2049E991-8661-4C75-94FD-E752CBCFA95B}.Debug|Any CPU.Build.0 = Debug|Any CPU
		{2049E991-8661-4C75-94FD-E752CBCFA95B}.Release|Any CPU.ActiveCfg = Release|Any CPU
		{2049E991-8661-4C75-94FD-E752CBCFA95B}.Release|Any CPU.Build.0 = Release|Any CPU
	EndGlobalSection
	GlobalSection(SolutionProperties) = preSolution
		HideSolutionNode = FALSE
	EndGlobalSection
	GlobalSection(ExtensibilityGlobals) = postSolution
		SolutionGuid = {3E31EB56-9A3E-4E4C-B1F7-5870A49B0F0C}
	EndGlobalSection
EndGlobal
